
Microsoft Visual Studio Solution File, Format Version 12.00
# Visual Studio Version 16
VisualStudioVersion = 16.0.30503.244
MinimumVisualStudioVersion = 10.0.40219.1
Project("{FAE04EC0-301F-11D3-BF4B-00C04F79EFBC}") = "CoursProject", "CoursProject\CoursProject.csproj", "{9C0642D4-0BFC-44EF-8DA2-721530E99472}"
EndProject
Project("{54435603-DBB4-11D2-8724-00A0C9A8B90C}") = "Setup", "Setup\Setup.vdproj", "{6A6D407A-18CB-433D-9B08-013047117F13}"
EndProject
Global
	GlobalSection(SolutionConfigurationPlatforms) = preSolution
		Debug|Any CPU = Debug|Any CPU
		Release|Any CPU = Release|Any CPU
	EndGlobalSection
	GlobalSection(ProjectConfigurationPlatforms) = postSolution
		{9C0642D4-0BFC-44EF-8DA2-721530E99472}.Debug|Any CPU.ActiveCfg = Debug|Any CPU
		{9C0642D4-0BFC-44EF-8DA2-721530E99472}.Debug|Any CPU.Build.0 = Debug|Any CPU
		{9C0642D4-0BFC-44EF-8DA2-721530E99472}.Release|Any CPU.ActiveCfg = Release|Any CPU
		{9C0642D4-0BFC-44EF-8DA2-721530E99472}.Release|Any CPU.Build.0 = Release|Any CPU
		{6A6D407A-18CB-433D-9B08-013047117F13}.Debug|Any CPU.ActiveCfg = Debug
		{6A6D407A-18CB-433D-9B08-013047117F13}.Release|Any CPU.ActiveCfg = Release
	EndGlobalSection
	GlobalSection(SolutionProperties) = preSolution
		HideSolutionNode = FALSE
	EndGlobalSection
	GlobalSection(ExtensibilityGlobals) = postSolution
		SolutionGuid = {FC22FF8B-B122-4EC8-B5EF-3FE513127909}
	EndGlobalSection
EndGlobal
